// !$*UTF8*$!
{
	archiveVersion = 1;
	classes = {
	};
	objectVersion = 46;
	objects = {

/* Begin PBXBuildFile section */
		D68E40071F272A6100FB3599 /* QPSDK.framework in Frameworks */ = {isa = PBXBuildFile; fileRef = D68E40051F272A6100FB3599 /* QPSDK.framework */; };
		D68E40081F272A6100FB3599 /* QPSDK.bundle in Resources */ = {isa = PBXBuildFile; fileRef = D68E40061F272A6100FB3599 /* QPSDK.bundle */; };
		D68E400C1F272AAC00FB3599 /* SelsectViedoViewController.m in Sources */ = {isa = PBXBuildFile; fileRef = D68E400A1F272AAC00FB3599 /* SelsectViedoViewController.m */; };
		D68E400D1F272AAC00FB3599 /* SelsectViedoViewController.xib in Resources */ = {isa = PBXBuildFile; fileRef = D68E400B1F272AAC00FB3599 /* SelsectViedoViewController.xib */; };
		D68E400F1F273A6E00FB3599 /* music in Resources */ = {isa = PBXBuildFile; fileRef = D68E400E1F273A6D00FB3599 /* music */; };
		D68E40121F273A7900FB3599 /* music1.json in Resources */ = {isa = PBXBuildFile; fileRef = D68E40101F273A7900FB3599 /* music1.json */; };
		D68E40131F273A7900FB3599 /* music2.json in Resources */ = {isa = PBXBuildFile; fileRef = D68E40111F273A7900FB3599 /* music2.json */; };
		D690D6351F2874AB004781AD /* res_movies in Resources */ = {isa = PBXBuildFile; fileRef = D690D6341F2874AB004781AD /* res_movies */; };
		D690D6671F287FD7004781AD /* JJNavigationController.m in Sources */ = {isa = PBXBuildFile; fileRef = D690D6601F287FD7004781AD /* JJNavigationController.m */; };
		D690D6681F287FD7004781AD /* JJTabBarViewController.m in Sources */ = {isa = PBXBuildFile; fileRef = D690D6621F287FD7004781AD /* JJTabBarViewController.m */; };
		D690D66C1F289215004781AD /* KxMenu.m in Sources */ = {isa = PBXBuildFile; fileRef = D690D66B1F289215004781AD /* KxMenu.m */; };
		D693D56E1F1DF53A006939FF /* main.m in Sources */ = {isa = PBXBuildFile; fileRef = D693D56D1F1DF53A006939FF /* main.m */; };
		D693D5711F1DF53B006939FF /* AppDelegate.m in Sources */ = {isa = PBXBuildFile; fileRef = D693D5701F1DF53B006939FF /* AppDelegate.m */; };
		D693D5771F1DF53B006939FF /* Main.storyboard in Resources */ = {isa = PBXBuildFile; fileRef = D693D5751F1DF53B006939FF /* Main.storyboard */; };
		D693D5791F1DF53C006939FF /* Assets.xcassets in Resources */ = {isa = PBXBuildFile; fileRef = D693D5781F1DF53C006939FF /* Assets.xcassets */; };
		D693D5C91F1DF5CB006939FF /* WebKit.framework in Frameworks */ = {isa = PBXBuildFile; fileRef = D693D5C81F1DF5CB006939FF /* WebKit.framework */; };
		D693D5CB1F1DF5D8006939FF /* libz.tbd in Frameworks */ = {isa = PBXBuildFile; fileRef = D693D5CA1F1DF5D8006939FF /* libz.tbd */; };
		D693D5CD1F1DF5E6006939FF /* libicucore.tbd in Frameworks */ = {isa = PBXBuildFile; fileRef = D693D5CC1F1DF5E6006939FF /* libicucore.tbd */; };
		D693D5CF1F1DF5EE006939FF /* libstdc++.tbd in Frameworks */ = {isa = PBXBuildFile; fileRef = D693D5CE1F1DF5EE006939FF /* libstdc++.tbd */; };
		D693D5D61F1DF681006939FF /* JJHtmlListener.m in Sources */ = {isa = PBXBuildFile; fileRef = D693D5D11F1DF681006939FF /* JJHtmlListener.m */; };
		D693D5D71F1DF681006939FF /* MyNaviController.m in Sources */ = {isa = PBXBuildFile; fileRef = D693D5D31F1DF681006939FF /* MyNaviController.m */; };
		D693D5D81F1DF681006939FF /* ViewController.m in Sources */ = {isa = PBXBuildFile; fileRef = D693D5D51F1DF681006939FF /* ViewController.m */; };
		D693D5DA1F1DF6F7006939FF /* libbz2.tbd in Frameworks */ = {isa = PBXBuildFile; fileRef = D693D5D91F1DF6F7006939FF /* libbz2.tbd */; };
		D693D5DC1F1DF701006939FF /* libiconv.tbd in Frameworks */ = {isa = PBXBuildFile; fileRef = D693D5DB1F1DF701006939FF /* libiconv.tbd */; };
		D693D5DE1F1DF7B7006939FF /* libxml2.tbd in Frameworks */ = {isa = PBXBuildFile; fileRef = D693D5DD1F1DF7B7006939FF /* libxml2.tbd */; };
		D693D5E01F1DF807006939FF /* widget in Resources */ = {isa = PBXBuildFile; fileRef = D693D5DF1F1DF807006939FF /* widget */; };
		D693D6521F1DFE92006939FF /* APICloud.a in Frameworks */ = {isa = PBXBuildFile; fileRef = D693D6281F1DFE92006939FF /* APICloud.a */; };
		D693D6531F1DFE92006939FF /* fs.a in Frameworks */ = {isa = PBXBuildFile; fileRef = D693D6391F1DFE92006939FF /* fs.a */; };
		D693D6541F1DFE92006939FF /* kxmovie.bundle in Resources */ = {isa = PBXBuildFile; fileRef = D693D63A1F1DFE92006939FF /* kxmovie.bundle */; };
		D693D6551F1DFE92006939FF /* libavcodec.a in Frameworks */ = {isa = PBXBuildFile; fileRef = D693D63B1F1DFE92006939FF /* libavcodec.a */; };
		D693D6561F1DFE92006939FF /* libavdevice.a in Frameworks */ = {isa = PBXBuildFile; fileRef = D693D63C1F1DFE92006939FF /* libavdevice.a */; };
		D693D6571F1DFE92006939FF /* libavfilter.a in Frameworks */ = {isa = PBXBuildFile; fileRef = D693D63D1F1DFE92006939FF /* libavfilter.a */; };
		D693D6581F1DFE92006939FF /* libavformat.a in Frameworks */ = {isa = PBXBuildFile; fileRef = D693D63E1F1DFE92006939FF /* libavformat.a */; };
		D693D6591F1DFE92006939FF /* libavutil.a in Frameworks */ = {isa = PBXBuildFile; fileRef = D693D63F1F1DFE92006939FF /* libavutil.a */; };
		D693D65A1F1DFE92006939FF /* libminizip.a in Frameworks */ = {isa = PBXBuildFile; fileRef = D693D6401F1DFE92006939FF /* libminizip.a */; };
		D693D65B1F1DFE92006939FF /* libmovies.a in Frameworks */ = {isa = PBXBuildFile; fileRef = D693D6411F1DFE92006939FF /* libmovies.a */; };
		D693D65C1F1DFE92006939FF /* libopencore-amrnb.a in Frameworks */ = {isa = PBXBuildFile; fileRef = D693D6421F1DFE92006939FF /* libopencore-amrnb.a */; };
		D693D65D1F1DFE92006939FF /* libopencore-amrwb.a in Frameworks */ = {isa = PBXBuildFile; fileRef = D693D6431F1DFE92006939FF /* libopencore-amrwb.a */; };
		D693D65E1F1DFE92006939FF /* libswresample.a in Frameworks */ = {isa = PBXBuildFile; fileRef = D693D6441F1DFE92006939FF /* libswresample.a */; };
		D693D65F1F1DFE92006939FF /* libswscale.a in Frameworks */ = {isa = PBXBuildFile; fileRef = D693D6451F1DFE92006939FF /* libswscale.a */; };
		D693D6611F1DFE92006939FF /* mam.a in Frameworks */ = {isa = PBXBuildFile; fileRef = D693D6471F1DFE92006939FF /* mam.a */; };
		D693D6641F1DFE92006939FF /* trans.a in Frameworks */ = {isa = PBXBuildFile; fileRef = D693D64C1F1DFE92006939FF /* trans.a */; };
		D693D66C1F1DFEA8006939FF /* res_mam in Resources */ = {isa = PBXBuildFile; fileRef = D693D6691F1DFEA8006939FF /* res_mam */; };
		D693D66E1F1DFEA8006939FF /* uz in Resources */ = {isa = PBXBuildFile; fileRef = D693D66B1F1DFEA8006939FF /* uz */; };
		F8EC3206A22F56C02C6F0814 /* libPods-TacgegraphCar.a in Frameworks */ = {isa = PBXBuildFile; fileRef = ABB0E21772A96CFDEDB42698 /* libPods-TacgegraphCar.a */; };
/* End PBXBuildFile section */

/* Begin PBXFileReference section */
		0FE79E8637999C551CE90DF3 /* Pods-TacgegraphCar.debug.xcconfig */ = {isa = PBXFileReference; includeInIndex = 1; lastKnownFileType = text.xcconfig; name = "Pods-TacgegraphCar.debug.xcconfig"; path = "Pods/Target Support Files/Pods-TacgegraphCar/Pods-TacgegraphCar.debug.xcconfig"; sourceTree = "<group>"; };
		4C97508689EF60630DDB1983 /* Pods-TacgegraphCar.release.xcconfig */ = {isa = PBXFileReference; includeInIndex = 1; lastKnownFileType = text.xcconfig; name = "Pods-TacgegraphCar.release.xcconfig"; path = "Pods/Target Support Files/Pods-TacgegraphCar/Pods-TacgegraphCar.release.xcconfig"; sourceTree = "<group>"; };
		ABB0E21772A96CFDEDB42698 /* libPods-TacgegraphCar.a */ = {isa = PBXFileReference; explicitFileType = archive.ar; includeInIndex = 0; path = "libPods-TacgegraphCar.a"; sourceTree = BUILT_PRODUCTS_DIR; };
		D68E40051F272A6100FB3599 /* QPSDK.framework */ = {isa = PBXFileReference; lastKnownFileType = wrapper.framework; path = QPSDK.framework; sourceTree = "<group>"; };
		D68E40061F272A6100FB3599 /* QPSDK.bundle */ = {isa = PBXFileReference; lastKnownFileType = "wrapper.plug-in"; path = QPSDK.bundle; sourceTree = "<group>"; };
		D68E40091F272AAC00FB3599 /* SelsectViedoViewController.h */ = {isa = PBXFileReference; fileEncoding = 4; lastKnownFileType = sourcecode.c.h; path = SelsectViedoViewController.h; sourceTree = "<group>"; };
		D68E400A1F272AAC00FB3599 /* SelsectViedoViewController.m */ = {isa = PBXFileReference; fileEncoding = 4; lastKnownFileType = sourcecode.c.objc; path = SelsectViedoViewController.m; sourceTree = "<group>"; };
		D68E400B1F272AAC00FB3599 /* SelsectViedoViewController.xib */ = {isa = PBXFileReference; fileEncoding = 4; lastKnownFileType = file.xib; path = SelsectViedoViewController.xib; sourceTree = "<group>"; };
		D68E400E1F273A6D00FB3599 /* music */ = {isa = PBXFileReference; lastKnownFileType = folder; path = music; sourceTree = "<group>"; };
		D68E40101F273A7900FB3599 /* music1.json */ = {isa = PBXFileReference; fileEncoding = 4; lastKnownFileType = text.json; path = music1.json; sourceTree = "<group>"; };
		D68E40111F273A7900FB3599 /* music2.json */ = {isa = PBXFileReference; fileEncoding = 4; lastKnownFileType = text.json; path = music2.json; sourceTree = "<group>"; };
		D690D6341F2874AB004781AD /* res_movies */ = {isa = PBXFileReference; lastKnownFileType = folder; name = res_movies; path = "../../../../project/WisdomLife 7/WisdomLife/lib/Modules/res_movies"; sourceTree = "<group>"; };
		D690D6361F28755B004781AD /* PrefixHeader.pch */ = {isa = PBXFileReference; fileEncoding = 4; lastKnownFileType = sourcecode.c.h; path = PrefixHeader.pch; sourceTree = "<group>"; };
		D690D65F1F287FD7004781AD /* JJNavigationController.h */ = {isa = PBXFileReference; fileEncoding = 4; lastKnownFileType = sourcecode.c.h; path = JJNavigationController.h; sourceTree = "<group>"; };
		D690D6601F287FD7004781AD /* JJNavigationController.m */ = {isa = PBXFileReference; fileEncoding = 4; lastKnownFileType = sourcecode.c.objc; path = JJNavigationController.m; sourceTree = "<group>"; };
		D690D6611F287FD7004781AD /* JJTabBarViewController.h */ = {isa = PBXFileReference; fileEncoding = 4; lastKnownFileType = sourcecode.c.h; path = JJTabBarViewController.h; sourceTree = "<group>"; };
		D690D6621F287FD7004781AD /* JJTabBarViewController.m */ = {isa = PBXFileReference; fileEncoding = 4; lastKnownFileType = sourcecode.c.objc; path = JJTabBarViewController.m; sourceTree = "<group>"; };
		D690D66A1F289215004781AD /* KxMenu.h */ = {isa = PBXFileReference; fileEncoding = 4; lastKnownFileType = sourcecode.c.h; path = KxMenu.h; sourceTree = "<group>"; };
		D690D66B1F289215004781AD /* KxMenu.m */ = {isa = PBXFileReference; fileEncoding = 4; lastKnownFileType = sourcecode.c.objc; path = KxMenu.m; sourceTree = "<group>"; };
		D693D5691F1DF53A006939FF /* TacgegraphCar.app */ = {isa = PBXFileReference; explicitFileType = wrapper.application; includeInIndex = 0; path = TacgegraphCar.app; sourceTree = BUILT_PRODUCTS_DIR; };
		D693D56D1F1DF53A006939FF /* main.m */ = {isa = PBXFileReference; lastKnownFileType = sourcecode.c.objc; path = main.m; sourceTree = "<group>"; };
		D693D56F1F1DF53B006939FF /* AppDelegate.h */ = {isa = PBXFileReference; lastKnownFileType = sourcecode.c.h; path = AppDelegate.h; sourceTree = "<group>"; };
		D693D5701F1DF53B006939FF /* AppDelegate.m */ = {isa = PBXFileReference; lastKnownFileType = sourcecode.c.objc; path = AppDelegate.m; sourceTree = "<group>"; };
		D693D5761F1DF53B006939FF /* Base */ = {isa = PBXFileReference; lastKnownFileType = file.storyboard; name = Base; path = Base.lproj/Main.storyboard; sourceTree = "<group>"; };
		D693D5781F1DF53C006939FF /* Assets.xcassets */ = {isa = PBXFileReference; lastKnownFileType = folder.assetcatalog; path = Assets.xcassets; sourceTree = "<group>"; };
		D693D57D1F1DF53C006939FF /* Info.plist */ = {isa = PBXFileReference; lastKnownFileType = text.plist.xml; path = Info.plist; sourceTree = "<group>"; };
		D693D5C81F1DF5CB006939FF /* WebKit.framework */ = {isa = PBXFileReference; lastKnownFileType = wrapper.framework; name = WebKit.framework; path = System/Library/Frameworks/WebKit.framework; sourceTree = SDKROOT; };
		D693D5CA1F1DF5D8006939FF /* libz.tbd */ = {isa = PBXFileReference; lastKnownFileType = "sourcecode.text-based-dylib-definition"; name = libz.tbd; path = usr/lib/libz.tbd; sourceTree = SDKROOT; };
		D693D5CC1F1DF5E6006939FF /* libicucore.tbd */ = {isa = PBXFileReference; lastKnownFileType = "sourcecode.text-based-dylib-definition"; name = libicucore.tbd; path = usr/lib/libicucore.tbd; sourceTree = SDKROOT; };
		D693D5CE1F1DF5EE006939FF /* libstdc++.tbd */ = {isa = PBXFileReference; lastKnownFileType = "sourcecode.text-based-dylib-definition"; name = "libstdc++.tbd"; path = "usr/lib/libstdc++.tbd"; sourceTree = SDKROOT; };
		D693D5D01F1DF681006939FF /* JJHtmlListener.h */ = {isa = PBXFileReference; fileEncoding = 4; lastKnownFileType = sourcecode.c.h; path = JJHtmlListener.h; sourceTree = "<group>"; };
		D693D5D11F1DF681006939FF /* JJHtmlListener.m */ = {isa = PBXFileReference; fileEncoding = 4; lastKnownFileType = sourcecode.c.objc; path = JJHtmlListener.m; sourceTree = "<group>"; };
		D693D5D21F1DF681006939FF /* MyNaviController.h */ = {isa = PBXFileReference; fileEncoding = 4; lastKnownFileType = sourcecode.c.h; path = MyNaviController.h; sourceTree = "<group>"; };
		D693D5D31F1DF681006939FF /* MyNaviController.m */ = {isa = PBXFileReference; fileEncoding = 4; lastKnownFileType = sourcecode.c.objc; path = MyNaviController.m; sourceTree = "<group>"; };
		D693D5D41F1DF681006939FF /* ViewController.h */ = {isa = PBXFileReference; fileEncoding = 4; lastKnownFileType = sourcecode.c.h; path = ViewController.h; sourceTree = "<group>"; };
		D693D5D51F1DF681006939FF /* ViewController.m */ = {isa = PBXFileReference; fileEncoding = 4; lastKnownFileType = sourcecode.c.objc; path = ViewController.m; sourceTree = "<group>"; };
		D693D5D91F1DF6F7006939FF /* libbz2.tbd */ = {isa = PBXFileReference; lastKnownFileType = "sourcecode.text-based-dylib-definition"; name = libbz2.tbd; path = usr/lib/libbz2.tbd; sourceTree = SDKROOT; };
		D693D5DB1F1DF701006939FF /* libiconv.tbd */ = {isa = PBXFileReference; lastKnownFileType = "sourcecode.text-based-dylib-definition"; name = libiconv.tbd; path = usr/lib/libiconv.tbd; sourceTree = SDKROOT; };
		D693D5DD1F1DF7B7006939FF /* libxml2.tbd */ = {isa = PBXFileReference; lastKnownFileType = "sourcecode.text-based-dylib-definition"; name = libxml2.tbd; path = usr/lib/libxml2.tbd; sourceTree = SDKROOT; };
		D693D5DF1F1DF807006939FF /* widget */ = {isa = PBXFileReference; lastKnownFileType = folder; path = widget; sourceTree = "<group>"; };
		D693D6281F1DFE92006939FF /* APICloud.a */ = {isa = PBXFileReference; lastKnownFileType = archive.ar; path = APICloud.a; sourceTree = "<group>"; };
		D693D6291F1DFE92006939FF /* APIEvent.h */ = {isa = PBXFileReference; fileEncoding = 4; lastKnownFileType = sourcecode.c.h; path = APIEvent.h; sourceTree = "<group>"; };
		D693D62B1F1DFE92006939FF /* NSDictionaryUtils.h */ = {isa = PBXFileReference; fileEncoding = 4; lastKnownFileType = sourcecode.c.h; path = NSDictionaryUtils.h; sourceTree = "<group>"; };
		D693D62C1F1DFE92006939FF /* UZAppDelegate.h */ = {isa = PBXFileReference; fileEncoding = 4; lastKnownFileType = sourcecode.c.h; path = UZAppDelegate.h; sourceTree = "<group>"; };
		D693D62D1F1DFE92006939FF /* UZAppUtils.h */ = {isa = PBXFileReference; fileEncoding = 4; lastKnownFileType = sourcecode.c.h; path = UZAppUtils.h; sourceTree = "<group>"; };
		D693D62E1F1DFE92006939FF /* UZModule.h */ = {isa = PBXFileReference; fileEncoding = 4; lastKnownFileType = sourcecode.c.h; path = UZModule.h; sourceTree = "<group>"; };
		D693D62F1F1DFE92006939FF /* APIManager.h */ = {isa = PBXFileReference; fileEncoding = 4; lastKnownFileType = sourcecode.c.h; path = APIManager.h; sourceTree = "<group>"; };
		D693D6301F1DFE92006939FF /* APIModuleMethod.h */ = {isa = PBXFileReference; fileEncoding = 4; lastKnownFileType = sourcecode.c.h; path = APIModuleMethod.h; sourceTree = "<group>"; };
		D693D6311F1DFE92006939FF /* APIScriptMessage.h */ = {isa = PBXFileReference; fileEncoding = 4; lastKnownFileType = sourcecode.c.h; path = APIScriptMessage.h; sourceTree = "<group>"; };
		D693D6321F1DFE92006939FF /* APIUpdateManager.h */ = {isa = PBXFileReference; fileEncoding = 4; lastKnownFileType = sourcecode.c.h; path = APIUpdateManager.h; sourceTree = "<group>"; };
		D693D6331F1DFE92006939FF /* APIWebView.h */ = {isa = PBXFileReference; fileEncoding = 4; lastKnownFileType = sourcecode.c.h; path = APIWebView.h; sourceTree = "<group>"; };
		D693D6341F1DFE92006939FF /* APIWidgetContainer.h */ = {isa = PBXFileReference; fileEncoding = 4; lastKnownFileType = sourcecode.c.h; path = APIWidgetContainer.h; sourceTree = "<group>"; };
		D693D6351F1DFE92006939FF /* APIWindowContainer.h */ = {isa = PBXFileReference; fileEncoding = 4; lastKnownFileType = sourcecode.c.h; path = APIWindowContainer.h; sourceTree = "<group>"; };
		D693D6361F1DFE92006939FF /* UZWebViewProtocol.h */ = {isa = PBXFileReference; fileEncoding = 4; lastKnownFileType = sourcecode.c.h; path = UZWebViewProtocol.h; sourceTree = "<group>"; };
		D693D6371F1DFE92006939FF /* UZWidget.h */ = {isa = PBXFileReference; fileEncoding = 4; lastKnownFileType = sourcecode.c.h; path = UZWidget.h; sourceTree = "<group>"; };
		D693D6391F1DFE92006939FF /* fs.a */ = {isa = PBXFileReference; lastKnownFileType = archive.ar; path = fs.a; sourceTree = "<group>"; };
		D693D63A1F1DFE92006939FF /* kxmovie.bundle */ = {isa = PBXFileReference; lastKnownFileType = "wrapper.plug-in"; path = kxmovie.bundle; sourceTree = "<group>"; };
		D693D63B1F1DFE92006939FF /* libavcodec.a */ = {isa = PBXFileReference; lastKnownFileType = archive.ar; path = libavcodec.a; sourceTree = "<group>"; };
		D693D63C1F1DFE92006939FF /* libavdevice.a */ = {isa = PBXFileReference; lastKnownFileType = archive.ar; path = libavdevice.a; sourceTree = "<group>"; };
		D693D63D1F1DFE92006939FF /* libavfilter.a */ = {isa = PBXFileReference; lastKnownFileType = archive.ar; path = libavfilter.a; sourceTree = "<group>"; };
		D693D63E1F1DFE92006939FF /* libavformat.a */ = {isa = PBXFileReference; lastKnownFileType = archive.ar; path = libavformat.a; sourceTree = "<group>"; };
		D693D63F1F1DFE92006939FF /* libavutil.a */ = {isa = PBXFileReference; lastKnownFileType = archive.ar; path = libavutil.a; sourceTree = "<group>"; };
		D693D6401F1DFE92006939FF /* libminizip.a */ = {isa = PBXFileReference; lastKnownFileType = archive.ar; path = libminizip.a; sourceTree = "<group>"; };
		D693D6411F1DFE92006939FF /* libmovies.a */ = {isa = PBXFileReference; lastKnownFileType = archive.ar; path = libmovies.a; sourceTree = "<group>"; };
		D693D6421F1DFE92006939FF /* libopencore-amrnb.a */ = {isa = PBXFileReference; lastKnownFileType = archive.ar; path = "libopencore-amrnb.a"; sourceTree = "<group>"; };
		D693D6431F1DFE92006939FF /* libopencore-amrwb.a */ = {isa = PBXFileReference; lastKnownFileType = archive.ar; path = "libopencore-amrwb.a"; sourceTree = "<group>"; };
		D693D6441F1DFE92006939FF /* libswresample.a */ = {isa = PBXFileReference; lastKnownFileType = archive.ar; path = libswresample.a; sourceTree = "<group>"; };
		D693D6451F1DFE92006939FF /* libswscale.a */ = {isa = PBXFileReference; lastKnownFileType = archive.ar; path = libswscale.a; sourceTree = "<group>"; };
		D693D6471F1DFE92006939FF /* mam.a */ = {isa = PBXFileReference; lastKnownFileType = archive.ar; path = mam.a; sourceTree = "<group>"; };
		D693D64C1F1DFE92006939FF /* trans.a */ = {isa = PBXFileReference; lastKnownFileType = archive.ar; path = trans.a; sourceTree = "<group>"; };
		D693D6691F1DFEA8006939FF /* res_mam */ = {isa = PBXFileReference; lastKnownFileType = folder; path = res_mam; sourceTree = "<group>"; };
		D693D66B1F1DFEA8006939FF /* uz */ = {isa = PBXFileReference; lastKnownFileType = folder; path = uz; sourceTree = "<group>"; };
/* End PBXFileReference section */

/* Begin PBXFrameworksBuildPhase section */
		D693D5661F1DF53A006939FF /* Frameworks */ = {
			isa = PBXFrameworksBuildPhase;
			buildActionMask = 2147483647;
			files = (
				D693D6571F1DFE92006939FF /* libavfilter.a in Frameworks */,
				D693D6641F1DFE92006939FF /* trans.a in Frameworks */,
				D693D5DE1F1DF7B7006939FF /* libxml2.tbd in Frameworks */,
				D693D5DC1F1DF701006939FF /* libiconv.tbd in Frameworks */,
				D693D6521F1DFE92006939FF /* APICloud.a in Frameworks */,
				D693D65D1F1DFE92006939FF /* libopencore-amrwb.a in Frameworks */,
				D693D65B1F1DFE92006939FF /* libmovies.a in Frameworks */,
				D693D6591F1DFE92006939FF /* libavutil.a in Frameworks */,
				D693D5DA1F1DF6F7006939FF /* libbz2.tbd in Frameworks */,
				D693D65E1F1DFE92006939FF /* libswresample.a in Frameworks */,
				D693D65C1F1DFE92006939FF /* libopencore-amrnb.a in Frameworks */,
				D68E40071F272A6100FB3599 /* QPSDK.framework in Frameworks */,
				D693D6611F1DFE92006939FF /* mam.a in Frameworks */,
				D693D5CF1F1DF5EE006939FF /* libstdc++.tbd in Frameworks */,
				D693D6531F1DFE92006939FF /* fs.a in Frameworks */,
				D693D6581F1DFE92006939FF /* libavformat.a in Frameworks */,
				D693D5CD1F1DF5E6006939FF /* libicucore.tbd in Frameworks */,
				D693D6551F1DFE92006939FF /* libavcodec.a in Frameworks */,
				D693D65A1F1DFE92006939FF /* libminizip.a in Frameworks */,
				D693D65F1F1DFE92006939FF /* libswscale.a in Frameworks */,
				D693D6561F1DFE92006939FF /* libavdevice.a in Frameworks */,
				D693D5CB1F1DF5D8006939FF /* libz.tbd in Frameworks */,
				D693D5C91F1DF5CB006939FF /* WebKit.framework in Frameworks */,
				F8EC3206A22F56C02C6F0814 /* libPods-TacgegraphCar.a in Frameworks */,
			);
			runOnlyForDeploymentPostprocessing = 0;
		};
/* End PBXFrameworksBuildPhase section */

/* Begin PBXGroup section */
		D690D6371F2878A3004781AD /* Vendor */ = {
			isa = PBXGroup;
			children = (
				D690D6691F289215004781AD /* Source */,
			);
			path = Vendor;
			sourceTree = "<group>";
		};
		D690D6561F287FD7004781AD /* Base */ = {
			isa = PBXGroup;
			children = (
				D690D65F1F287FD7004781AD /* JJNavigationController.h */,
				D690D6601F287FD7004781AD /* JJNavigationController.m */,
				D690D6611F287FD7004781AD /* JJTabBarViewController.h */,
				D690D6621F287FD7004781AD /* JJTabBarViewController.m */,
			);
			path = Base;
			sourceTree = "<group>";
		};
		D690D6691F289215004781AD /* Source */ = {
			isa = PBXGroup;
			children = (
				D690D66A1F289215004781AD /* KxMenu.h */,
				D690D66B1F289215004781AD /* KxMenu.m */,
			);
			path = Source;
			sourceTree = "<group>";
		};
		D693D5601F1DF53A006939FF = {
			isa = PBXGroup;
			children = (
				D693D56B1F1DF53A006939FF /* TacgegraphCar */,
				D693D56A1F1DF53A006939FF /* Products */,
				D693D5C71F1DF5CA006939FF /* Frameworks */,
				F92EB7DFD1B6BAF7577A964F /* Pods */,
			);
			sourceTree = "<group>";
		};
		D693D56A1F1DF53A006939FF /* Products */ = {
			isa = PBXGroup;
			children = (
				D693D5691F1DF53A006939FF /* TacgegraphCar.app */,
			);
			name = Products;
			sourceTree = "<group>";
		};
		D693D56B1F1DF53A006939FF /* TacgegraphCar */ = {
			isa = PBXGroup;
			children = (
				D693D6271F1DFE92006939FF /* Engine */,
				D693D6381F1DFE92006939FF /* Modules */,
				D693D56F1F1DF53B006939FF /* AppDelegate.h */,
				D693D5701F1DF53B006939FF /* AppDelegate.m */,
				D690D6561F287FD7004781AD /* Base */,
				D690D6371F2878A3004781AD /* Vendor */,
				D693D5D01F1DF681006939FF /* JJHtmlListener.h */,
				D693D5D11F1DF681006939FF /* JJHtmlListener.m */,
				D693D5D21F1DF681006939FF /* MyNaviController.h */,
				D693D5D31F1DF681006939FF /* MyNaviController.m */,
				D693D5D41F1DF681006939FF /* ViewController.h */,
				D693D5D51F1DF681006939FF /* ViewController.m */,
				D68E40091F272AAC00FB3599 /* SelsectViedoViewController.h */,
				D68E400A1F272AAC00FB3599 /* SelsectViedoViewController.m */,
				D690D6361F28755B004781AD /* PrefixHeader.pch */,
				D68E400B1F272AAC00FB3599 /* SelsectViedoViewController.xib */,
				D693D5751F1DF53B006939FF /* Main.storyboard */,
				D68E40101F273A7900FB3599 /* music1.json */,
				D68E40111F273A7900FB3599 /* music2.json */,
				D68E400E1F273A6D00FB3599 /* music */,
				D693D5781F1DF53C006939FF /* Assets.xcassets */,
				D693D57D1F1DF53C006939FF /* Info.plist */,
				D68E40051F272A6100FB3599 /* QPSDK.framework */,
				D68E40061F272A6100FB3599 /* QPSDK.bundle */,
				D693D5DF1F1DF807006939FF /* widget */,
				D693D56C1F1DF53A006939FF /* Supporting Files */,
			);
			path = TacgegraphCar;
			sourceTree = "<group>";
		};
		D693D56C1F1DF53A006939FF /* Supporting Files */ = {
			isa = PBXGroup;
			children = (
				D693D56D1F1DF53A006939FF /* main.m */,
			);
			name = "Supporting Files";
			sourceTree = "<group>";
		};
		D693D5C71F1DF5CA006939FF /* Frameworks */ = {
			isa = PBXGroup;
			children = (
				D693D5DD1F1DF7B7006939FF /* libxml2.tbd */,
				D693D5DB1F1DF701006939FF /* libiconv.tbd */,
				D693D5D91F1DF6F7006939FF /* libbz2.tbd */,
				D693D5CE1F1DF5EE006939FF /* libstdc++.tbd */,
				D693D5CC1F1DF5E6006939FF /* libicucore.tbd */,
				D693D5CA1F1DF5D8006939FF /* libz.tbd */,
				D693D5C81F1DF5CB006939FF /* WebKit.framework */,
				ABB0E21772A96CFDEDB42698 /* libPods-TacgegraphCar.a */,
			);
			name = Frameworks;
			sourceTree = "<group>";
		};
		D693D6271F1DFE92006939FF /* Engine */ = {
			isa = PBXGroup;
			children = (
				D693D6281F1DFE92006939FF /* APICloud.a */,
				D693D6291F1DFE92006939FF /* APIEvent.h */,
				D693D62A1F1DFE92006939FF /* APIKit */,
				D693D62F1F1DFE92006939FF /* APIManager.h */,
				D693D6301F1DFE92006939FF /* APIModuleMethod.h */,
				D693D6311F1DFE92006939FF /* APIScriptMessage.h */,
				D693D6321F1DFE92006939FF /* APIUpdateManager.h */,
				D693D6331F1DFE92006939FF /* APIWebView.h */,
				D693D6341F1DFE92006939FF /* APIWidgetContainer.h */,
				D693D6351F1DFE92006939FF /* APIWindowContainer.h */,
				D693D6361F1DFE92006939FF /* UZWebViewProtocol.h */,
				D693D6371F1DFE92006939FF /* UZWidget.h */,
			);
			path = Engine;
			sourceTree = "<group>";
		};
		D693D62A1F1DFE92006939FF /* APIKit */ = {
			isa = PBXGroup;
			children = (
				D693D62B1F1DFE92006939FF /* NSDictionaryUtils.h */,
				D693D62C1F1DFE92006939FF /* UZAppDelegate.h */,
				D693D62D1F1DFE92006939FF /* UZAppUtils.h */,
				D693D62E1F1DFE92006939FF /* UZModule.h */,
			);
			path = APIKit;
			sourceTree = "<group>";
		};
		D693D6381F1DFE92006939FF /* Modules */ = {
			isa = PBXGroup;
			children = (
				D690D6341F2874AB004781AD /* res_movies */,
				D693D6691F1DFEA8006939FF /* res_mam */,
				D693D66B1F1DFEA8006939FF /* uz */,
				D693D6391F1DFE92006939FF /* fs.a */,
				D693D63A1F1DFE92006939FF /* kxmovie.bundle */,
				D693D63B1F1DFE92006939FF /* libavcodec.a */,
				D693D63C1F1DFE92006939FF /* libavdevice.a */,
				D693D63D1F1DFE92006939FF /* libavfilter.a */,
				D693D63E1F1DFE92006939FF /* libavformat.a */,
				D693D63F1F1DFE92006939FF /* libavutil.a */,
				D693D6401F1DFE92006939FF /* libminizip.a */,
				D693D6411F1DFE92006939FF /* libmovies.a */,
				D693D6421F1DFE92006939FF /* libopencore-amrnb.a */,
				D693D6431F1DFE92006939FF /* libopencore-amrwb.a */,
				D693D6441F1DFE92006939FF /* libswresample.a */,
				D693D6451F1DFE92006939FF /* libswscale.a */,
				D693D6471F1DFE92006939FF /* mam.a */,
				D693D64C1F1DFE92006939FF /* trans.a */,
			);
			path = Modules;
			sourceTree = "<group>";
		};
		F92EB7DFD1B6BAF7577A964F /* Pods */ = {
			isa = PBXGroup;
			children = (
				0FE79E8637999C551CE90DF3 /* Pods-TacgegraphCar.debug.xcconfig */,
				4C97508689EF60630DDB1983 /* Pods-TacgegraphCar.release.xcconfig */,
			);
			name = Pods;
			sourceTree = "<group>";
		};
/* End PBXGroup section */

/* Begin PBXNativeTarget section */
		D693D5681F1DF53A006939FF /* TacgegraphCar */ = {
			isa = PBXNativeTarget;
			buildConfigurationList = D693D5801F1DF53C006939FF /* Build configuration list for PBXNativeTarget "TacgegraphCar" */;
			buildPhases = (
				21082EAD5185F6A57C1A5F96 /* [CP] Check Pods Manifest.lock */,
				D693D5651F1DF53A006939FF /* Sources */,
				D693D5661F1DF53A006939FF /* Frameworks */,
				D693D5671F1DF53A006939FF /* Resources */,
				45F0CFA70D046682C41BB2B2 /* [CP] Embed Pods Frameworks */,
				D6F941B36B1BF32963216A7A /* [CP] Copy Pods Resources */,
			);
			buildRules = (
			);
			dependencies = (
			);
			name = TacgegraphCar;
			productName = TacgegraphCar;
			productReference = D693D5691F1DF53A006939FF /* TacgegraphCar.app */;
			productType = "com.apple.product-type.application";
		};
/* End PBXNativeTarget section */

/* Begin PBXProject section */
		D693D5611F1DF53A006939FF /* Project object */ = {
			isa = PBXProject;
			attributes = {
				LastUpgradeCheck = 0830;
				ORGANIZATIONNAME = vpjacob;
				TargetAttributes = {
					D693D5681F1DF53A006939FF = {
						CreatedOnToolsVersion = 8.3.3;
						DevelopmentTeam = HN2F9US93L;
						ProvisioningStyle = Automatic;
					};
				};
			};
			buildConfigurationList = D693D5641F1DF53A006939FF /* Build configuration list for PBXProject "TacgegraphCar" */;
			compatibilityVersion = "Xcode 3.2";
			developmentRegion = English;
			hasScannedForEncodings = 0;
			knownRegions = (
				en,
				Base,
			);
			mainGroup = D693D5601F1DF53A006939FF;
			productRefGroup = D693D56A1F1DF53A006939FF /* Products */;
			projectDirPath = "";
			projectRoot = "";
			targets = (
				D693D5681F1DF53A006939FF /* TacgegraphCar */,
			);
		};
/* End PBXProject section */

/* Begin PBXResourcesBuildPhase section */
		D693D5671F1DF53A006939FF /* Resources */ = {
			isa = PBXResourcesBuildPhase;
			buildActionMask = 2147483647;
			files = (
				D693D6541F1DFE92006939FF /* kxmovie.bundle in Resources */,
				D693D5E01F1DF807006939FF /* widget in Resources */,
				D68E40131F273A7900FB3599 /* music2.json in Resources */,
				D68E400F1F273A6E00FB3599 /* music in Resources */,
				D68E400D1F272AAC00FB3599 /* SelsectViedoViewController.xib in Resources */,
				D693D66C1F1DFEA8006939FF /* res_mam in Resources */,
				D690D6351F2874AB004781AD /* res_movies in Resources */,
				D693D66E1F1DFEA8006939FF /* uz in Resources */,
				D693D5791F1DF53C006939FF /* Assets.xcassets in Resources */,
				D693D5771F1DF53B006939FF /* Main.storyboard in Resources */,
				D68E40081F272A6100FB3599 /* QPSDK.bundle in Resources */,
				D68E40121F273A7900FB3599 /* music1.json in Resources */,
			);
			runOnlyForDeploymentPostprocessing = 0;
		};
/* End PBXResourcesBuildPhase section */

/* Begin PBXShellScriptBuildPhase section */
		21082EAD5185F6A57C1A5F96 /* [CP] Check Pods Manifest.lock */ = {
			isa = PBXShellScriptBuildPhase;
			buildActionMask = 2147483647;
			files = (
			);
			inputPaths = (
			);
			name = "[CP] Check Pods Manifest.lock";
			outputPaths = (
			);
			runOnlyForDeploymentPostprocessing = 0;
			shellPath = /bin/sh;
			shellScript = "diff \"${PODS_PODFILE_DIR_PATH}/Podfile.lock\" \"${PODS_ROOT}/Manifest.lock\" > /dev/null\nif [ $? != 0 ] ; then\n    # print error to STDERR\n    echo \"error: The sandbox is not in sync with the Podfile.lock. Run 'pod install' or update your CocoaPods installation.\" >&2\n    exit 1\nfi\n";
			showEnvVarsInLog = 0;
		};
		45F0CFA70D046682C41BB2B2 /* [CP] Embed Pods Frameworks */ = {
			isa = PBXShellScriptBuildPhase;
			buildActionMask = 2147483647;
			files = (
			);
			inputPaths = (
			);
			name = "[CP] Embed Pods Frameworks";
			outputPaths = (
			);
			runOnlyForDeploymentPostprocessing = 0;
			shellPath = /bin/sh;
			shellScript = "\"${SRCROOT}/Pods/Target Support Files/Pods-TacgegraphCar/Pods-TacgegraphCar-frameworks.sh\"\n";
			showEnvVarsInLog = 0;
		};
		D6F941B36B1BF32963216A7A /* [CP] Copy Pods Resources */ = {
			isa = PBXShellScriptBuildPhase;
			buildActionMask = 2147483647;
			files = (
			);
			inputPaths = (
			);
			name = "[CP] Copy Pods Resources";
			outputPaths = (
			);
			runOnlyForDeploymentPostprocessing = 0;
			shellPath = /bin/sh;
			shellScript = "\"${SRCROOT}/Pods/Target Support Files/Pods-TacgegraphCar/Pods-TacgegraphCar-resources.sh\"\n";
			showEnvVarsInLog = 0;
		};
/* End PBXShellScriptBuildPhase section */

/* Begin PBXSourcesBuildPhase section */
		D693D5651F1DF53A006939FF /* Sources */ = {
			isa = PBXSourcesBuildPhase;
			buildActionMask = 2147483647;
			files = (
				D693D5711F1DF53B006939FF /* AppDelegate.m in Sources */,
				D690D6671F287FD7004781AD /* JJNavigationController.m in Sources */,
				D693D5D71F1DF681006939FF /* MyNaviController.m in Sources */,
				D693D56E1F1DF53A006939FF /* main.m in Sources */,
				D690D66C1F289215004781AD /* KxMenu.m in Sources */,
				D693D5D61F1DF681006939FF /* JJHtmlListener.m in Sources */,
				D68E400C1F272AAC00FB3599 /* SelsectViedoViewController.m in Sources */,
				D693D5D81F1DF681006939FF /* ViewController.m in Sources */,
				D690D6681F287FD7004781AD /* JJTabBarViewController.m in Sources */,
			);
			runOnlyForDeploymentPostprocessing = 0;
		};
/* End PBXSourcesBuildPhase section */

/* Begin PBXVariantGroup section */
		D693D5751F1DF53B006939FF /* Main.storyboard */ = {
			isa = PBXVariantGroup;
			children = (
				D693D5761F1DF53B006939FF /* Base */,
			);
			name = Main.storyboard;
			sourceTree = "<group>";
		};
/* End PBXVariantGroup section */

/* Begin XCBuildConfiguration section */
		D693D57E1F1DF53C006939FF /* Debug */ = {
			isa = XCBuildConfiguration;
			buildSettings = {
				ALWAYS_SEARCH_USER_PATHS = NO;
				CLANG_ANALYZER_NONNULL = YES;
				CLANG_ANALYZER_NUMBER_OBJECT_CONVERSION = YES_AGGRESSIVE;
				CLANG_CXX_LANGUAGE_STANDARD = "gnu++0x";
				CLANG_CXX_LIBRARY = "libc++";
				CLANG_ENABLE_MODULES = YES;
				CLANG_ENABLE_OBJC_ARC = YES;
				CLANG_WARN_BOOL_CONVERSION = YES;
				CLANG_WARN_CONSTANT_CONVERSION = YES;
				CLANG_WARN_DIRECT_OBJC_ISA_USAGE = YES_ERROR;
				CLANG_WARN_DOCUMENTATION_COMMENTS = YES;
				CLANG_WARN_EMPTY_BODY = YES;
				CLANG_WARN_ENUM_CONVERSION = YES;
				CLANG_WARN_INFINITE_RECURSION = YES;
				CLANG_WARN_INT_CONVERSION = YES;
				CLANG_WARN_OBJC_ROOT_CLASS = YES_ERROR;
				CLANG_WARN_SUSPICIOUS_MOVE = YES;
				CLANG_WARN_UNREACHABLE_CODE = YES;
				CLANG_WARN__DUPLICATE_METHOD_MATCH = YES;
				"CODE_SIGN_IDENTITY[sdk=iphoneos*]" = "iPhone Developer";
				COPY_PHASE_STRIP = NO;
				DEBUG_INFORMATION_FORMAT = dwarf;
				ENABLE_STRICT_OBJC_MSGSEND = YES;
				ENABLE_TESTABILITY = YES;
				GCC_C_LANGUAGE_STANDARD = gnu99;
				GCC_DYNAMIC_NO_PIC = NO;
				GCC_NO_COMMON_BLOCKS = YES;
				GCC_OPTIMIZATION_LEVEL = 0;
				GCC_PREPROCESSOR_DEFINITIONS = (
					"DEBUG=1",
					"$(inherited)",
				);
				GCC_WARN_64_TO_32_BIT_CONVERSION = YES;
				GCC_WARN_ABOUT_RETURN_TYPE = YES_ERROR;
				GCC_WARN_UNDECLARED_SELECTOR = YES;
				GCC_WARN_UNINITIALIZED_AUTOS = YES_AGGRESSIVE;
				GCC_WARN_UNUSED_FUNCTION = YES;
				GCC_WARN_UNUSED_VARIABLE = YES;
				IPHONEOS_DEPLOYMENT_TARGET = 10.3;
				MTL_ENABLE_DEBUG_INFO = YES;
				ONLY_ACTIVE_ARCH = YES;
				SDKROOT = iphoneos;
				TARGETED_DEVICE_FAMILY = "1,2";
			};
			name = Debug;
		};
		D693D57F1F1DF53C006939FF /* Release */ = {
			isa = XCBuildConfiguration;
			buildSettings = {
				ALWAYS_SEARCH_USER_PATHS = NO;
				CLANG_ANALYZER_NONNULL = YES;
				CLANG_ANALYZER_NUMBER_OBJECT_CONVERSION = YES_AGGRESSIVE;
				CLANG_CXX_LANGUAGE_STANDARD = "gnu++0x";
				CLANG_CXX_LIBRARY = "libc++";
				CLANG_ENABLE_MODULES = YES;
				CLANG_ENABLE_OBJC_ARC = YES;
				CLANG_WARN_BOOL_CONVERSION = YES;
				CLANG_WARN_CONSTANT_CONVERSION = YES;
				CLANG_WARN_DIRECT_OBJC_ISA_USAGE = YES_ERROR;
				CLANG_WARN_DOCUMENTATION_COMMENTS = YES;
				CLANG_WARN_EMPTY_BODY = YES;
				CLANG_WARN_ENUM_CONVERSION = YES;
				CLANG_WARN_INFINITE_RECURSION = YES;
				CLANG_WARN_INT_CONVERSION = YES;
				CLANG_WARN_OBJC_ROOT_CLASS = YES_ERROR;
				CLANG_WARN_SUSPICIOUS_MOVE = YES;
				CLANG_WARN_UNREACHABLE_CODE = YES;
				CLANG_WARN__DUPLICATE_METHOD_MATCH = YES;
				"CODE_SIGN_IDENTITY[sdk=iphoneos*]" = "iPhone Developer";
				COPY_PHASE_STRIP = NO;
				DEBUG_INFORMATION_FORMAT = "dwarf-with-dsym";
				ENABLE_NS_ASSERTIONS = NO;
				ENABLE_STRICT_OBJC_MSGSEND = YES;
				GCC_C_LANGUAGE_STANDARD = gnu99;
				GCC_NO_COMMON_BLOCKS = YES;
				GCC_WARN_64_TO_32_BIT_CONVERSION = YES;
				GCC_WARN_ABOUT_RETURN_TYPE = YES_ERROR;
				GCC_WARN_UNDECLARED_SELECTOR = YES;
				GCC_WARN_UNINITIALIZED_AUTOS = YES_AGGRESSIVE;
				GCC_WARN_UNUSED_FUNCTION = YES;
				GCC_WARN_UNUSED_VARIABLE = YES;
				IPHONEOS_DEPLOYMENT_TARGET = 10.3;
				MTL_ENABLE_DEBUG_INFO = NO;
				SDKROOT = iphoneos;
				TARGETED_DEVICE_FAMILY = "1,2";
				VALIDATE_PRODUCT = YES;
			};
			name = Release;
		};
		D693D5811F1DF53C006939FF /* Debug */ = {
			isa = XCBuildConfiguration;
			baseConfigurationReference = 0FE79E8637999C551CE90DF3 /* Pods-TacgegraphCar.debug.xcconfig */;
			buildSettings = {
				ASSETCATALOG_COMPILER_APPICON_NAME = AppIcon;
				ASSETCATALOG_COMPILER_LAUNCHIMAGE_NAME = LaunchImage;
				DEVELOPMENT_TEAM = HN2F9US93L;
				ENABLE_BITCODE = NO;
				FRAMEWORK_SEARCH_PATHS = (
					"$(inherited)",
					"$(PROJECT_DIR)/TacgegraphCar",
				);
				GCC_PREFIX_HEADER = "$(SRCROOT)/TacgegraphCar/PrefixHeader.pch";
				INFOPLIST_FILE = TacgegraphCar/Info.plist;
				LD_RUNPATH_SEARCH_PATHS = "$(inherited) @executable_path/Frameworks";
				LIBRARY_SEARCH_PATHS = (
					"$(inherited)",
					"$(PROJECT_DIR)/TacgegraphCar/Engine",
					"$(PROJECT_DIR)/TacgegraphCar/Modules",
				);
				OTHER_LDFLAGS = "-ObjC";
				PRODUCT_BUNDLE_IDENTIFIER = com.anbn.Tachograph;
				PRODUCT_NAME = "$(TARGET_NAME)";
			};
			name = Debug;
		};
		D693D5821F1DF53C006939FF /* Release */ = {
			isa = XCBuildConfiguration;
			baseConfigurationReference = 4C97508689EF60630DDB1983 /* Pods-TacgegraphCar.release.xcconfig */;
			buildSettings = {
				ASSETCATALOG_COMPILER_APPICON_NAME = AppIcon;
				ASSETCATALOG_COMPILER_LAUNCHIMAGE_NAME = LaunchImage;
				DEVELOPMENT_TEAM = HN2F9US93L;
				ENABLE_BITCODE = NO;
				FRAMEWORK_SEARCH_PATHS = (
					"$(inherited)",
					"$(PROJECT_DIR)/TacgegraphCar",
				);
				GCC_PREFIX_HEADER = "$(SRCROOT)/TacgegraphCar/PrefixHeader.pch";
				INFOPLIST_FILE = TacgegraphCar/Info.plist;
				LD_RUNPATH_SEARCH_PATHS = "$(inherited) @executable_path/Frameworks";
				LIBRARY_SEARCH_PATHS = (
					"$(inherited)",
					"$(PROJECT_DIR)/TacgegraphCar/Engine",
					"$(PROJECT_DIR)/TacgegraphCar/Modules",
				);
				OTHER_LDFLAGS = "-ObjC";
				PRODUCT_BUNDLE_IDENTIFIER = com.anbn.Tachograph;
				PRODUCT_NAME = "$(TARGET_NAME)";
			};
			name = Release;
		};
/* End XCBuildConfiguration section */

/* Begin XCConfigurationList section */
		D693D5641F1DF53A006939FF /* Build configuration list for PBXProject "TacgegraphCar" */ = {
			isa = XCConfigurationList;
			buildConfigurations = (
				D693D57E1F1DF53C006939FF /* Debug */,
				D693D57F1F1DF53C006939FF /* Release */,
			);
			defaultConfigurationIsVisible = 0;
			defaultConfigurationName = Release;
		};
		D693D5801F1DF53C006939FF /* Build configuration list for PBXNativeTarget "TacgegraphCar" */ = {
			isa = XCConfigurationList;
			buildConfigurations = (
				D693D5811F1DF53C006939FF /* Debug */,
				D693D5821F1DF53C006939FF /* Release */,
			);
			defaultConfigurationIsVisible = 0;
			defaultConfigurationName = Release;
		};
/* End XCConfigurationList section */
	};
	rootObject = D693D5611F1DF53A006939FF /* Project object */;
}
